
Microsoft Visual Studio Solution File, Format Version 12.00
Project("{FAE04EC0-301F-11D3-BF4B-00C04F79EFBC}") = "Reports", "Reports\Reports.csproj", "{BD7CD58C-91CE-460D-86CD-060E6515D353}"
EndProject
Project("{FAE04EC0-301F-11D3-BF4B-00C04F79EFBC}") = "Data", "Data\Data.csproj", "{8C61F08A-26BE-498B-9BAB-1A6AC0EE97E6}"
EndProject
Project("{FAE04EC0-301F-11D3-BF4B-00C04F79EFBC}") = "Tests", "Tests\Tests.csproj", "{12CFF276-5951-4061-8F7B-0DF4C4365F75}"
EndProject
Global
	GlobalSection(SolutionConfigurationPlatforms) = preSolution
		Debug|Any CPU = Debug|Any CPU
		Release|Any CPU = Release|Any CPU
	EndGlobalSection
	GlobalSection(ProjectConfigurationPlatforms) = postSolution
		{BD7CD58C-91CE-460D-86CD-060E6515D353}.Debug|Any CPU.ActiveCfg = Debug|Any CPU
		{BD7CD58C-91CE-460D-86CD-060E6515D353}.Debug|Any CPU.Build.0 = Debug|Any CPU
		{BD7CD58C-91CE-460D-86CD-060E6515D353}.Release|Any CPU.ActiveCfg = Release|Any CPU
		{BD7CD58C-91CE-460D-86CD-060E6515D353}.Release|Any CPU.Build.0 = Release|Any CPU
		{8C61F08A-26BE-498B-9BAB-1A6AC0EE97E6}.Debug|Any CPU.ActiveCfg = Debug|Any CPU
		{8C61F08A-26BE-498B-9BAB-1A6AC0EE97E6}.Debug|Any CPU.Build.0 = Debug|Any CPU
		{8C61F08A-26BE-498B-9BAB-1A6AC0EE97E6}.Release|Any CPU.ActiveCfg = Release|Any CPU
		{8C61F08A-26BE-498B-9BAB-1A6AC0EE97E6}.Release|Any CPU.Build.0 = Release|Any CPU
		{12CFF276-5951-4061-8F7B-0DF4C4365F75}.Debug|Any CPU.ActiveCfg = Debug|Any CPU
		{12CFF276-5951-4061-8F7B-0DF4C4365F75}.Debug|Any CPU.Build.0 = Debug|Any CPU
		{12CFF276-5951-4061-8F7B-0DF4C4365F75}.Release|Any CPU.ActiveCfg = Release|Any CPU
		{12CFF276-5951-4061-8F7B-0DF4C4365F75}.Release|Any CPU.Build.0 = Release|Any CPU
	EndGlobalSection
EndGlobal
